# This file is automatically @generated by Cargo.
# It is not intended for manual editing.
version = 4

[[package]]
name = "tailscope-cli"
version = "0.1.0"
dependencies = [
 "tailscope-core",
 "tailscope-tokio",
]

[[package]]
name = "tailscope-core"
version = "0.1.0"

[[package]]
name = "tailscope-tokio"
version = "0.1.0"
dependencies = [
 "tailscope-core",
]
